Microsoft Visual Studio Solution File, Format Version 12.00
# Visual Studio 2012
Project("{FAE04EC0-301F-11D3-BF4B-00C04F79EFBC}") = "Project Hospital", "Project Hospital.csproj", "{D65B72B4-1AA0-41EA-81AE-2F3427C889EC}"
EndProject
Global
	GlobalSection(SolutionConfigurationPlatforms) = preSolution
	Debug|Any CPU = Debug|Any CPU
	ExportDebug|Any CPU = ExportDebug|Any CPU
	ExportRelease|Any CPU = ExportRelease|Any CPU
	EndGlobalSection
	GlobalSection(ProjectConfigurationPlatforms) = postSolution
		{D65B72B4-1AA0-41EA-81AE-2F3427C889EC}.Debug|Any CPU.ActiveCfg = Debug|Any CPU
		{D65B72B4-1AA0-41EA-81AE-2F3427C889EC}.Debug|Any CPU.Build.0 = Debug|Any CPU
		{D65B72B4-1AA0-41EA-81AE-2F3427C889EC}.ExportDebug|Any CPU.ActiveCfg = ExportDebug|Any CPU
		{D65B72B4-1AA0-41EA-81AE-2F3427C889EC}.ExportDebug|Any CPU.Build.0 = ExportDebug|Any CPU
		{D65B72B4-1AA0-41EA-81AE-2F3427C889EC}.ExportRelease|Any CPU.ActiveCfg = ExportRelease|Any CPU
		{D65B72B4-1AA0-41EA-81AE-2F3427C889EC}.ExportRelease|Any CPU.Build.0 = ExportRelease|Any CPU
	EndGlobalSection
EndGlobal
